
Microsoft Visual Studio Solution File, Format Version 12.00
# Visual Studio Version 17
VisualStudioVersion = 17.5.002.0
MinimumVisualStudioVersion = 10.0.40219.1
Project("{9A19103F-16F7-4668-BE54-9A1E7A4F7556}") = "webmvc", "webmvc\webmvc.csproj", "{66C3C7E5-5954-4F43-98D2-1B22B7AF2B20}"
EndProject
Global
	GlobalSection(SolutionConfigurationPlatforms) = preSolution
		Debug|Any CPU = Debug|Any CPU
		Release|Any CPU = Release|Any CPU
	EndGlobalSection
	GlobalSection(ProjectConfigurationPlatforms) = postSolution
		{66C3C7E5-5954-4F43-98D2-1B22B7AF2B20}.Debug|Any CPU.ActiveCfg = Debug|Any CPU
		{66C3C7E5-5954-4F43-98D2-1B22B7AF2B20}.Debug|Any CPU.Build.0 = Debug|Any CPU
		{66C3C7E5-5954-4F43-98D2-1B22B7AF2B20}.Release|Any CPU.ActiveCfg = Release|Any CPU
		{66C3C7E5-5954-4F43-98D2-1B22B7AF2B20}.Release|Any CPU.Build.0 = Release|Any CPU
	EndGlobalSection
	GlobalSection(SolutionProperties) = preSolution
		HideSolutionNode = FALSE
	EndGlobalSection
	GlobalSection(ExtensibilityGlobals) = postSolution
		SolutionGuid = {A45CB99E-E2F0-4D2D-BEA5-D45532D196DE}
	EndGlobalSection
EndGlobal
